
Microsoft Visual Studio Solution File, Format Version 12.00
# Visual Studio Version 17
VisualStudioVersion = 17.11.35222.181
MinimumVisualStudioVersion = 10.0.40219.1
Project("{9A19103F-16F7-4668-BE54-9A1E7A4F7556}") = "Core.Persistence", "Core.Persistence\Core.Persistence.csproj", "{2C5AE283-3ACE-496C-A69D-5517DB988B1E}"
EndProject
Project("{FAE04EC0-301F-11D3-BF4B-00C04F79EFBC}") = "Core.Application", "Core.Application\Core.Application.csproj", "{9B6B9D8B-9CEF-41DD-9C3C-08806A732552}"
EndProject
Global
	GlobalSection(SolutionConfigurationPlatforms) = preSolution
		Debug|Any CPU = Debug|Any CPU
		Release|Any CPU = Release|Any CPU
	EndGlobalSection
	GlobalSection(ProjectConfigurationPlatforms) = postSolution
		{2C5AE283-3ACE-496C-A69D-5517DB988B1E}.Debug|Any CPU.ActiveCfg = Debug|Any CPU
		{2C5AE283-3ACE-496C-A69D-5517DB988B1E}.Debug|Any CPU.Build.0 = Debug|Any CPU
		{2C5AE283-3ACE-496C-A69D-5517DB988B1E}.Release|Any CPU.ActiveCfg = Release|Any CPU
		{2C5AE283-3ACE-496C-A69D-5517DB988B1E}.Release|Any CPU.Build.0 = Release|Any CPU
		{9B6B9D8B-9CEF-41DD-9C3C-08806A732552}.Debug|Any CPU.ActiveCfg = Debug|Any CPU
		{9B6B9D8B-9CEF-41DD-9C3C-08806A732552}.Debug|Any CPU.Build.0 = Debug|Any CPU
		{9B6B9D8B-9CEF-41DD-9C3C-08806A732552}.Release|Any CPU.ActiveCfg = Release|Any CPU
		{9B6B9D8B-9CEF-41DD-9C3C-08806A732552}.Release|Any CPU.Build.0 = Release|Any CPU
	EndGlobalSection
	GlobalSection(SolutionProperties) = preSolution
		HideSolutionNode = FALSE
	EndGlobalSection
	GlobalSection(ExtensibilityGlobals) = postSolution
		SolutionGuid = {DFD274F3-EEE1-4FD6-B87D-8F2DC1FCBF60}
	EndGlobalSection
EndGlobal
