
Microsoft Visual Studio Solution File, Format Version 12.00
# Visual Studio Version 17
VisualStudioVersion = 17.11.35222.181
MinimumVisualStudioVersion = 10.0.40219.1
Project("{FAE04EC0-301F-11D3-BF4B-00C04F79EFBC}") = "WebAPI", "WebAPI\WebAPI.csproj", "{95659AE7-F6BA-4CE4-95B0-9DF243183DAA}"
EndProject
Project("{FAE04EC0-301F-11D3-BF4B-00C04F79EFBC}") = "Persistence", "Persistence\Persistence.csproj", "{F519B702-9C3D-437C-ADAF-903DB39632D2}"
EndProject
Project("{FAE04EC0-301F-11D3-BF4B-00C04F79EFBC}") = "Domain", "Domain\Domain.csproj", "{AB394899-8274-4DFA-A8DB-FD418F22F76B}"
EndProject
Project("{FAE04EC0-301F-11D3-BF4B-00C04F79EFBC}") = "Application", "Application\Application.csproj", "{65AABA64-0066-4BB9-9519-93024D9B5AA4}"
EndProject
Project("{FAE04EC0-301F-11D3-BF4B-00C04F79EFBC}") = "Infrastructure", "Infrastructure\Infrastructure.csproj", "{0CFE5252-F3D7-4113-BB34-CD96DB9B3288}"
EndProject
Global
	GlobalSection(SolutionConfigurationPlatforms) = preSolution
		Debug|Any CPU = Debug|Any CPU
		Release|Any CPU = Release|Any CPU
	EndGlobalSection
	GlobalSection(ProjectConfigurationPlatforms) = postSolution
		{95659AE7-F6BA-4CE4-95B0-9DF243183DAA}.Debug|Any CPU.ActiveCfg = Debug|Any CPU
		{95659AE7-F6BA-4CE4-95B0-9DF243183DAA}.Debug|Any CPU.Build.0 = Debug|Any CPU
		{95659AE7-F6BA-4CE4-95B0-9DF243183DAA}.Release|Any CPU.ActiveCfg = Release|Any CPU
		{95659AE7-F6BA-4CE4-95B0-9DF243183DAA}.Release|Any CPU.Build.0 = Release|Any CPU
		{F519B702-9C3D-437C-ADAF-903DB39632D2}.Debug|Any CPU.ActiveCfg = Debug|Any CPU
		{F519B702-9C3D-437C-ADAF-903DB39632D2}.Debug|Any CPU.Build.0 = Debug|Any CPU
		{F519B702-9C3D-437C-ADAF-903DB39632D2}.Release|Any CPU.ActiveCfg = Release|Any CPU
		{F519B702-9C3D-437C-ADAF-903DB39632D2}.Release|Any CPU.Build.0 = Release|Any CPU
		{AB394899-8274-4DFA-A8DB-FD418F22F76B}.Debug|Any CPU.ActiveCfg = Debug|Any CPU
		{AB394899-8274-4DFA-A8DB-FD418F22F76B}.Debug|Any CPU.Build.0 = Debug|Any CPU
		{AB394899-8274-4DFA-A8DB-FD418F22F76B}.Release|Any CPU.ActiveCfg = Release|Any CPU
		{AB394899-8274-4DFA-A8DB-FD418F22F76B}.Release|Any CPU.Build.0 = Release|Any CPU
		{65AABA64-0066-4BB9-9519-93024D9B5AA4}.Debug|Any CPU.ActiveCfg = Debug|Any CPU
		{65AABA64-0066-4BB9-9519-93024D9B5AA4}.Debug|Any CPU.Build.0 = Debug|Any CPU
		{65AABA64-0066-4BB9-9519-93024D9B5AA4}.Release|Any CPU.ActiveCfg = Release|Any CPU
		{65AABA64-0066-4BB9-9519-93024D9B5AA4}.Release|Any CPU.Build.0 = Release|Any CPU
		{0CFE5252-F3D7-4113-BB34-CD96DB9B3288}.Debug|Any CPU.ActiveCfg = Debug|Any CPU
		{0CFE5252-F3D7-4113-BB34-CD96DB9B3288}.Debug|Any CPU.Build.0 = Debug|Any CPU
		{0CFE5252-F3D7-4113-BB34-CD96DB9B3288}.Release|Any CPU.ActiveCfg = Release|Any CPU
		{0CFE5252-F3D7-4113-BB34-CD96DB9B3288}.Release|Any CPU.Build.0 = Release|Any CPU
	EndGlobalSection
	GlobalSection(SolutionProperties) = preSolution
		HideSolutionNode = FALSE
	EndGlobalSection
	GlobalSection(ExtensibilityGlobals) = postSolution
		SolutionGuid = {9087567E-0B2B-4DB8-AB42-33B08857F407}
	EndGlobalSection
EndGlobal
